
Microsoft Visual Studio Solution File, Format Version 12.00
# Visual Studio Version 16
VisualStudioVersion = 16.0.30204.135
MinimumVisualStudioVersion = 10.0.40219.1
Project("{FAE04EC0-301F-11D3-BF4B-00C04F79EFBC}") = "MVCWithOath", "MVCWithOath.csproj", "{CAA465D5-C98D-4DB1-B50B-A9B34A5B4F6F}"
EndProject
Global
	GlobalSection(SolutionConfigurationPlatforms) = preSolution
		Debug|Any CPU = Debug|Any CPU
		Release|Any CPU = Release|Any CPU
	EndGlobalSection
	GlobalSection(ProjectConfigurationPlatforms) = postSolution
		{CAA465D5-C98D-4DB1-B50B-A9B34A5B4F6F}.Debug|Any CPU.ActiveCfg = Debug|Any CPU
		{CAA465D5-C98D-4DB1-B50B-A9B34A5B4F6F}.Debug|Any CPU.Build.0 = Debug|Any CPU
		{CAA465D5-C98D-4DB1-B50B-A9B34A5B4F6F}.Release|Any CPU.ActiveCfg = Release|Any CPU
		{CAA465D5-C98D-4DB1-B50B-A9B34A5B4F6F}.Release|Any CPU.Build.0 = Release|Any CPU
	EndGlobalSection
	GlobalSection(SolutionProperties) = preSolution
		HideSolutionNode = FALSE
	EndGlobalSection
	GlobalSection(ExtensibilityGlobals) = postSolution
		SolutionGuid = {34060917-92C2-4FFB-85CD-202861882A7F}
	EndGlobalSection
EndGlobal
